
Microsoft Visual Studio Solution File, Format Version 12.00
# Visual Studio 15
VisualStudioVersion = 15.0.26730.12
MinimumVisualStudioVersion = 10.0.40219.1
Project("{FAE04EC0-301F-11D3-BF4B-00C04F79EFBC}") = "SistemaPlataforma", "SistemaPlataforma\SistemaPlataforma.csproj", "{32046A78-3102-4269-A3A6-1D1BA7EF7CA3}"
EndProject
Project("{FAE04EC0-301F-11D3-BF4B-00C04F79EFBC}") = "Controladora", "Controladora\Controladora.csproj", "{7B0F3F38-5643-4418-A56E-2D51C32ACC3A}"
EndProject
Project("{FAE04EC0-301F-11D3-BF4B-00C04F79EFBC}") = "Modelo", "Modelo\Modelo.csproj", "{A6FD01AA-FECB-42F5-9301-92DEAA63A2B6}"
EndProject
Global
	GlobalSection(SolutionConfigurationPlatforms) = preSolution
		Debug|Any CPU = Debug|Any CPU
		Release|Any CPU = Release|Any CPU
	EndGlobalSection
	GlobalSection(ProjectConfigurationPlatforms) = postSolution
		{32046A78-3102-4269-A3A6-1D1BA7EF7CA3}.Debug|Any CPU.ActiveCfg = Debug|Any CPU
		{32046A78-3102-4269-A3A6-1D1BA7EF7CA3}.Debug|Any CPU.Build.0 = Debug|Any CPU
		{32046A78-3102-4269-A3A6-1D1BA7EF7CA3}.Release|Any CPU.ActiveCfg = Release|Any CPU
		{32046A78-3102-4269-A3A6-1D1BA7EF7CA3}.Release|Any CPU.Build.0 = Release|Any CPU
		{7B0F3F38-5643-4418-A56E-2D51C32ACC3A}.Debug|Any CPU.ActiveCfg = Debug|Any CPU
		{7B0F3F38-5643-4418-A56E-2D51C32ACC3A}.Debug|Any CPU.Build.0 = Debug|Any CPU
		{7B0F3F38-5643-4418-A56E-2D51C32ACC3A}.Release|Any CPU.ActiveCfg = Release|Any CPU
		{7B0F3F38-5643-4418-A56E-2D51C32ACC3A}.Release|Any CPU.Build.0 = Release|Any CPU
		{A6FD01AA-FECB-42F5-9301-92DEAA63A2B6}.Debug|Any CPU.ActiveCfg = Debug|Any CPU
		{A6FD01AA-FECB-42F5-9301-92DEAA63A2B6}.Debug|Any CPU.Build.0 = Debug|Any CPU
		{A6FD01AA-FECB-42F5-9301-92DEAA63A2B6}.Release|Any CPU.ActiveCfg = Release|Any CPU
		{A6FD01AA-FECB-42F5-9301-92DEAA63A2B6}.Release|Any CPU.Build.0 = Release|Any CPU
	EndGlobalSection
	GlobalSection(SolutionProperties) = preSolution
		HideSolutionNode = FALSE
	EndGlobalSection
	GlobalSection(ExtensibilityGlobals) = postSolution
		SolutionGuid = {A6F6D63A-FFB6-4CF4-9F66-C1A6C81CF410}
	EndGlobalSection
EndGlobal
